// !$*UTF8*$!
{
	archiveVersion = 1;
	classes = {
	};
	objectVersion = 55;
	objects = {

/* Begin PBXBuildFile section */
		51788D0528521FD4009CB1D2 /* HUDView.swift in Sources */ = {isa = PBXBuildFile; fileRef = 51788D0428521FD4009CB1D2 /* HUDView.swift */; };
		51788D0A2854A285009CB1D2 /* GifImage.swift in Sources */ = {isa = PBXBuildFile; fileRef = 51788D092854A285009CB1D2 /* GifImage.swift */; };
		51788D0C2854A76F009CB1D2 /* IconMove.gif in Resources */ = {isa = PBXBuildFile; fileRef = 51788D0B2854A76F009CB1D2 /* IconMove.gif */; };
		51788D0E2854F472009CB1D2 /* SplashScreenView.swift in Sources */ = {isa = PBXBuildFile; fileRef = 51788D0D2854F472009CB1D2 /* SplashScreenView.swift */; };
		51788D30285A344D009CB1D2 /* ShootAndShake100.gif in Resources */ = {isa = PBXBuildFile; fileRef = 51788D2F285A344D009CB1D2 /* ShootAndShake100.gif */; };
		51C44A9A2845DD3E00C1F4F0 /* style.json in Resources */ = {isa = PBXBuildFile; fileRef = 51C44A992845DD3E00C1F4F0 /* style.json */; };
		51F36A402841B906003BFF8C /* SettingsView.swift in Sources */ = {isa = PBXBuildFile; fileRef = 51F36A3F2841B906003BFF8C /* SettingsView.swift */; };
		51F36A422841BDE5003BFF8C /* NavBarView.swift in Sources */ = {isa = PBXBuildFile; fileRef = 51F36A412841BDE5003BFF8C /* NavBarView.swift */; };
		A186D61D8124E126B79E74B2 /* Pods_RapidAntigenTestMapTests.framework in Frameworks */ = {isa = PBXBuildFile; fileRef = 8612C27CB22077BE6EF28DCF /* Pods_RapidAntigenTestMapTests.framework */; };
		A9BB74C8D383AB28B05F078D /* Pods_RapidAntigenTestMap_RapidAntigenTestMapUITests.framework in Frameworks */ = {isa = PBXBuildFile; fileRef = A799B846CB01607FD6835D49 /* Pods_RapidAntigenTestMap_RapidAntigenTestMapUITests.framework */; };
		CDF4382D18CF13281817E96B /* Pods_RapidAntigenTestMap.framework in Frameworks */ = {isa = PBXBuildFile; fileRef = C0B1A7307E318BE210F2A6C3 /* Pods_RapidAntigenTestMap.framework */; };
		FD30CEFC283D14810025EE66 /* RapidAntigenTestMapApp.swift in Sources */ = {isa = PBXBuildFile; fileRef = FD30CEFB283D14810025EE66 /* RapidAntigenTestMapApp.swift */; };
		FD30CEFE283D14810025EE66 /* ContentView.swift in Sources */ = {isa = PBXBuildFile; fileRef = FD30CEFD283D14810025EE66 /* ContentView.swift */; };
		FD30CF00283D14820025EE66 /* Assets.xcassets in Resources */ = {isa = PBXBuildFile; fileRef = FD30CEFF283D14820025EE66 /* Assets.xcassets */; };
		FD30CF03283D14820025EE66 /* Preview Assets.xcassets in Resources */ = {isa = PBXBuildFile; fileRef = FD30CF02283D14820025EE66 /* Preview Assets.xcassets */; };
		FD30CF0D283D14830025EE66 /* RapidAntigenTestMapTests.swift in Sources */ = {isa = PBXBuildFile; fileRef = FD30CF0C283D14830025EE66 /* RapidAntigenTestMapTests.swift */; };
		FD30CF17283D14830025EE66 /* RapidAntigenTestMapUITests.swift in Sources */ = {isa = PBXBuildFile; fileRef = FD30CF16283D14830025EE66 /* RapidAntigenTestMapUITests.swift */; };
		FD30CF19283D14830025EE66 /* RapidAntigenTestMapUITestsLaunchTests.swift in Sources */ = {isa = PBXBuildFile; fileRef = FD30CF18283D14830025EE66 /* RapidAntigenTestMapUITestsLaunchTests.swift */; };
		FD30CF29283FB78D0025EE66 /* PharmacyData.swift in Sources */ = {isa = PBXBuildFile; fileRef = FD30CF28283FB78C0025EE66 /* PharmacyData.swift */; };
		FD30CF2E283FB8110025EE66 /* Tab.swift in Sources */ = {isa = PBXBuildFile; fileRef = FD30CF2D283FB8110025EE66 /* Tab.swift */; };
		FD30CF31283FBA060025EE66 /* MapView.swift in Sources */ = {isa = PBXBuildFile; fileRef = FD30CF30283FBA060025EE66 /* MapView.swift */; };
		FD30CF33283FBBB80025EE66 /* ListView.swift in Sources */ = {isa = PBXBuildFile; fileRef = FD30CF32283FBBB80025EE66 /* ListView.swift */; };
		FD30CF35283FBC0F0025EE66 /* MedDataModel.swift in Sources */ = {isa = PBXBuildFile; fileRef = FD30CF34283FBC0F0025EE66 /* MedDataModel.swift */; };
		FD30CF39283FBE0E0025EE66 /* TabBarView.swift in Sources */ = {isa = PBXBuildFile; fileRef = FD30CF38283FBE0E0025EE66 /* TabBarView.swift */; };
		FD30CF3B283FD28A0025EE66 /* LocationManager.swift in Sources */ = {isa = PBXBuildFile; fileRef = FD30CF3A283FD28A0025EE66 /* LocationManager.swift */; };
		FD3CD92728C73987001656CD /* WidgetKit.framework in Frameworks */ = {isa = PBXBuildFile; fileRef = FD3CD92628C73987001656CD /* WidgetKit.framework */; };
		FD3CD92928C73987001656CD /* SwiftUI.framework in Frameworks */ = {isa = PBXBuildFile; fileRef = FD3CD92828C73987001656CD /* SwiftUI.framework */; };
		FD3CD92C28C73987001656CD /* RapidAntigenTestMapWidget.swift in Sources */ = {isa = PBXBuildFile; fileRef = FD3CD92B28C73987001656CD /* RapidAntigenTestMapWidget.swift */; };
		FD3CD92F28C73988001656CD /* Assets.xcassets in Resources */ = {isa = PBXBuildFile; fileRef = FD3CD92E28C73988001656CD /* Assets.xcassets */; };
		FD3CD93528C73988001656CD /* RapidAntigenTestMapWidgetExtension.appex in Embed App Extensions */ = {isa = PBXBuildFile; fileRef = FD3CD92528C73987001656CD /* RapidAntigenTestMapWidgetExtension.appex */; settings = {ATTRIBUTES = (RemoveHeadersOnCopy, ); }; };
		FD3CD93C28C74276001656CD /* AnnotationViewWidget.swift in Sources */ = {isa = PBXBuildFile; fileRef = FD3CD93B28C74276001656CD /* AnnotationViewWidget.swift */; };
		FD6B3D5E28BF47B500949C52 /* FirebaseAnalytics in Frameworks */ = {isa = PBXBuildFile; productRef = FD6B3D5D28BF47B500949C52 /* FirebaseAnalytics */; };
		FD6B3D6028BF47B500949C52 /* FirebaseAnalyticsSwift in Frameworks */ = {isa = PBXBuildFile; productRef = FD6B3D5F28BF47B500949C52 /* FirebaseAnalyticsSwift */; };
		FD6B3D6228BF47B500949C52 /* FirebaseCrashlytics in Frameworks */ = {isa = PBXBuildFile; productRef = FD6B3D6128BF47B500949C52 /* FirebaseCrashlytics */; };
		FD6B3D6428BF47B500949C52 /* FirebasePerformance in Frameworks */ = {isa = PBXBuildFile; productRef = FD6B3D6328BF47B500949C52 /* FirebasePerformance */; };
		FD6B3D6628BF489F00949C52 /* GoogleService-Info.plist in Resources */ = {isa = PBXBuildFile; fileRef = FD6B3D6528BF489E00949C52 /* GoogleService-Info.plist */; };
		FD6B3D6828BF4AC000949C52 /* MyFlyLocationMutatable.gpx in Resources */ = {isa = PBXBuildFile; fileRef = FD6B3D6728BF4AC000949C52 /* MyFlyLocationMutatable.gpx */; };
		FD8EC4DB28C7827F00F4E28C /* RapidAntigenTestMapWidget.intentdefinition in Sources */ = {isa = PBXBuildFile; fileRef = FD8EC4DE28C7827F00F4E28C /* RapidAntigenTestMapWidget.intentdefinition */; };
		FD8EC4DC28C7827F00F4E28C /* RapidAntigenTestMapWidget.intentdefinition in Sources */ = {isa = PBXBuildFile; fileRef = FD8EC4DE28C7827F00F4E28C /* RapidAntigenTestMapWidget.intentdefinition */; };
		FDB4E1BE2940D2FF0054C5D5 /* GoogleMobileAds in Frameworks */ = {isa = PBXBuildFile; productRef = FDB4E1BD2940D2FF0054C5D5 /* GoogleMobileAds */; };
		FDB4E1C02940D54E0054C5D5 /* AdManager.swift in Sources */ = {isa = PBXBuildFile; fileRef = FDB4E1BF2940D54E0054C5D5 /* AdManager.swift */; };
/* End PBXBuildFile section */

/* Begin PBXContainerItemProxy section */
		FD30CF09283D14830025EE66 /* PBXContainerItemProxy */ = {
			isa = PBXContainerItemProxy;
			containerPortal = FD30CEF0283D14810025EE66 /* Project object */;
			proxyType = 1;
			remoteGlobalIDString = FD30CEF7283D14810025EE66;
			remoteInfo = RapidAntigenTestMap;
		};
		FD30CF13283D14830025EE66 /* PBXContainerItemProxy */ = {
			isa = PBXContainerItemProxy;
			containerPortal = FD30CEF0283D14810025EE66 /* Project object */;
			proxyType = 1;
			remoteGlobalIDString = FD30CEF7283D14810025EE66;
			remoteInfo = RapidAntigenTestMap;
		};
		FD3CD93328C73988001656CD /* PBXContainerItemProxy */ = {
			isa = PBXContainerItemProxy;
			containerPortal = FD30CEF0283D14810025EE66 /* Project object */;
			proxyType = 1;
			remoteGlobalIDString = FD3CD92428C73987001656CD;
			remoteInfo = RapidAntigenTestMapWidgetExtension;
		};
/* End PBXContainerItemProxy section */

/* Begin PBXCopyFilesBuildPhase section */
		51DBA3012843D262001F904B /* Embed App Extensions */ = {
			isa = PBXCopyFilesBuildPhase;
			buildActionMask = 2147483647;
			dstPath = "";
			dstSubfolderSpec = 13;
			files = (
				FD3CD93528C73988001656CD /* RapidAntigenTestMapWidgetExtension.appex in Embed App Extensions */,
			);
			name = "Embed App Extensions";
			runOnlyForDeploymentPostprocessing = 0;
		};
/* End PBXCopyFilesBuildPhase section */

/* Begin PBXFileReference section */
		0D876B0640EC148C11FC6AEC /* Pods-RapidAntigenTestMap.release.xcconfig */ = {isa = PBXFileReference; includeInIndex = 1; lastKnownFileType = text.xcconfig; name = "Pods-RapidAntigenTestMap.release.xcconfig"; path = "Target Support Files/Pods-RapidAntigenTestMap/Pods-RapidAntigenTestMap.release.xcconfig"; sourceTree = "<group>"; };
		2A2571B7809F91E8EF9EFF49 /* Pods-RapidAntigenTestMapTests.release.xcconfig */ = {isa = PBXFileReference; includeInIndex = 1; lastKnownFileType = text.xcconfig; name = "Pods-RapidAntigenTestMapTests.release.xcconfig"; path = "Target Support Files/Pods-RapidAntigenTestMapTests/Pods-RapidAntigenTestMapTests.release.xcconfig"; sourceTree = "<group>"; };
		35708732BC015A83354ECB1B /* Pods-RapidAntigenTestMap-RapidAntigenTestMapUITests.debug.xcconfig */ = {isa = PBXFileReference; includeInIndex = 1; lastKnownFileType = text.xcconfig; name = "Pods-RapidAntigenTestMap-RapidAntigenTestMapUITests.debug.xcconfig"; path = "Target Support Files/Pods-RapidAntigenTestMap-RapidAntigenTestMapUITests/Pods-RapidAntigenTestMap-RapidAntigenTestMapUITests.debug.xcconfig"; sourceTree = "<group>"; };
		3DFC20A1B7C9692371C85098 /* Pods-RapidAntigenTestMap.debug.xcconfig */ = {isa = PBXFileReference; includeInIndex = 1; lastKnownFileType = text.xcconfig; name = "Pods-RapidAntigenTestMap.debug.xcconfig"; path = "Target Support Files/Pods-RapidAntigenTestMap/Pods-RapidAntigenTestMap.debug.xcconfig"; sourceTree = "<group>"; };
		51788D0428521FD4009CB1D2 /* HUDView.swift */ = {isa = PBXFileReference; lastKnownFileType = sourcecode.swift; path = HUDView.swift; sourceTree = "<group>"; };
		51788D092854A285009CB1D2 /* GifImage.swift */ = {isa = PBXFileReference; lastKnownFileType = sourcecode.swift; path = GifImage.swift; sourceTree = "<group>"; };
		51788D0B2854A76F009CB1D2 /* IconMove.gif */ = {isa = PBXFileReference; lastKnownFileType = image.gif; path = IconMove.gif; sourceTree = "<group>"; };
		51788D0D2854F472009CB1D2 /* SplashScreenView.swift */ = {isa = PBXFileReference; lastKnownFileType = sourcecode.swift; path = SplashScreenView.swift; sourceTree = "<group>"; };
		51788D2F285A344D009CB1D2 /* ShootAndShake100.gif */ = {isa = PBXFileReference; lastKnownFileType = image.gif; path = ShootAndShake100.gif; sourceTree = "<group>"; };
		51C44A992845DD3E00C1F4F0 /* style.json */ = {isa = PBXFileReference; fileEncoding = 4; lastKnownFileType = text.json; path = style.json; sourceTree = "<group>"; };
		51DBA2F22843D262001F904B /* AuthenticationServices.framework */ = {isa = PBXFileReference; lastKnownFileType = wrapper.framework; name = AuthenticationServices.framework; path = System/Library/Frameworks/AuthenticationServices.framework; sourceTree = SDKROOT; };
		51F36A3F2841B906003BFF8C /* SettingsView.swift */ = {isa = PBXFileReference; lastKnownFileType = sourcecode.swift; path = SettingsView.swift; sourceTree = "<group>"; };
		51F36A412841BDE5003BFF8C /* NavBarView.swift */ = {isa = PBXFileReference; lastKnownFileType = sourcecode.swift; path = NavBarView.swift; sourceTree = "<group>"; };
		51F36A4328427D46003BFF8C /* Info.plist */ = {isa = PBXFileReference; lastKnownFileType = text.plist; path = Info.plist; sourceTree = "<group>"; };
		8612C27CB22077BE6EF28DCF /* Pods_RapidAntigenTestMapTests.framework */ = {isa = PBXFileReference; explicitFileType = wrapper.framework; includeInIndex = 0; path = Pods_RapidAntigenTestMapTests.framework; sourceTree = BUILT_PRODUCTS_DIR; };
		97E728332A16436E2C4E188F /* Pods-RapidAntigenTestMap-RapidAntigenTestMapUITests.release.xcconfig */ = {isa = PBXFileReference; includeInIndex = 1; lastKnownFileType = text.xcconfig; name = "Pods-RapidAntigenTestMap-RapidAntigenTestMapUITests.release.xcconfig"; path = "Target Support Files/Pods-RapidAntigenTestMap-RapidAntigenTestMapUITests/Pods-RapidAntigenTestMap-RapidAntigenTestMapUITests.release.xcconfig"; sourceTree = "<group>"; };
		A799B846CB01607FD6835D49 /* Pods_RapidAntigenTestMap_RapidAntigenTestMapUITests.framework */ = {isa = PBXFileReference; explicitFileType = wrapper.framework; includeInIndex = 0; path = Pods_RapidAntigenTestMap_RapidAntigenTestMapUITests.framework; sourceTree = BUILT_PRODUCTS_DIR; };
		B91AE80C4D0DCAAAFADD92E2 /* Pods-RapidAntigenTestMapTests.debug.xcconfig */ = {isa = PBXFileReference; includeInIndex = 1; lastKnownFileType = text.xcconfig; name = "Pods-RapidAntigenTestMapTests.debug.xcconfig"; path = "Target Support Files/Pods-RapidAntigenTestMapTests/Pods-RapidAntigenTestMapTests.debug.xcconfig"; sourceTree = "<group>"; };
		C0B1A7307E318BE210F2A6C3 /* Pods_RapidAntigenTestMap.framework */ = {isa = PBXFileReference; explicitFileType = wrapper.framework; includeInIndex = 0; path = Pods_RapidAntigenTestMap.framework; sourceTree = BUILT_PRODUCTS_DIR; };
		FD30CEF8283D14810025EE66 /* RapidAntigenTestMap.app */ = {isa = PBXFileReference; explicitFileType = wrapper.application; includeInIndex = 0; path = RapidAntigenTestMap.app; sourceTree = BUILT_PRODUCTS_DIR; };
		FD30CEFB283D14810025EE66 /* RapidAntigenTestMapApp.swift */ = {isa = PBXFileReference; lastKnownFileType = sourcecode.swift; path = RapidAntigenTestMapApp.swift; sourceTree = "<group>"; };
		FD30CEFD283D14810025EE66 /* ContentView.swift */ = {isa = PBXFileReference; lastKnownFileType = sourcecode.swift; path = ContentView.swift; sourceTree = "<group>"; };
		FD30CEFF283D14820025EE66 /* Assets.xcassets */ = {isa = PBXFileReference; lastKnownFileType = folder.assetcatalog; path = Assets.xcassets; sourceTree = "<group>"; };
		FD30CF02283D14820025EE66 /* Preview Assets.xcassets */ = {isa = PBXFileReference; lastKnownFileType = folder.assetcatalog; path = "Preview Assets.xcassets"; sourceTree = "<group>"; };
		FD30CF08283D14830025EE66 /* RapidAntigenTestMapTests.xctest */ = {isa = PBXFileReference; explicitFileType = wrapper.cfbundle; includeInIndex = 0; path = RapidAntigenTestMapTests.xctest; sourceTree = BUILT_PRODUCTS_DIR; };
		FD30CF0C283D14830025EE66 /* RapidAntigenTestMapTests.swift */ = {isa = PBXFileReference; lastKnownFileType = sourcecode.swift; path = RapidAntigenTestMapTests.swift; sourceTree = "<group>"; };
		FD30CF12283D14830025EE66 /* RapidAntigenTestMapUITests.xctest */ = {isa = PBXFileReference; explicitFileType = wrapper.cfbundle; includeInIndex = 0; path = RapidAntigenTestMapUITests.xctest; sourceTree = BUILT_PRODUCTS_DIR; };
		FD30CF16283D14830025EE66 /* RapidAntigenTestMapUITests.swift */ = {isa = PBXFileReference; lastKnownFileType = sourcecode.swift; path = RapidAntigenTestMapUITests.swift; sourceTree = "<group>"; };
		FD30CF18283D14830025EE66 /* RapidAntigenTestMapUITestsLaunchTests.swift */ = {isa = PBXFileReference; lastKnownFileType = sourcecode.swift; path = RapidAntigenTestMapUITestsLaunchTests.swift; sourceTree = "<group>"; };
		FD30CF28283FB78C0025EE66 /* PharmacyData.swift */ = {isa = PBXFileReference; lastKnownFileType = sourcecode.swift; path = PharmacyData.swift; sourceTree = "<group>"; };
		FD30CF2D283FB8110025EE66 /* Tab.swift */ = {isa = PBXFileReference; lastKnownFileType = sourcecode.swift; path = Tab.swift; sourceTree = "<group>"; };
		FD30CF30283FBA060025EE66 /* MapView.swift */ = {isa = PBXFileReference; lastKnownFileType = sourcecode.swift; path = MapView.swift; sourceTree = "<group>"; };
		FD30CF32283FBBB80025EE66 /* ListView.swift */ = {isa = PBXFileReference; lastKnownFileType = sourcecode.swift; path = ListView.swift; sourceTree = "<group>"; };
		FD30CF34283FBC0F0025EE66 /* MedDataModel.swift */ = {isa = PBXFileReference; lastKnownFileType = sourcecode.swift; path = MedDataModel.swift; sourceTree = "<group>"; };
		FD30CF38283FBE0E0025EE66 /* TabBarView.swift */ = {isa = PBXFileReference; lastKnownFileType = sourcecode.swift; path = TabBarView.swift; sourceTree = "<group>"; };
		FD30CF3A283FD28A0025EE66 /* LocationManager.swift */ = {isa = PBXFileReference; lastKnownFileType = sourcecode.swift; path = LocationManager.swift; sourceTree = "<group>"; };
		FD3CD92528C73987001656CD /* RapidAntigenTestMapWidgetExtension.appex */ = {isa = PBXFileReference; explicitFileType = "wrapper.app-extension"; includeInIndex = 0; path = RapidAntigenTestMapWidgetExtension.appex; sourceTree = BUILT_PRODUCTS_DIR; };
		FD3CD92628C73987001656CD /* WidgetKit.framework */ = {isa = PBXFileReference; lastKnownFileType = wrapper.framework; name = WidgetKit.framework; path = System/Library/Frameworks/WidgetKit.framework; sourceTree = SDKROOT; };
		FD3CD92828C73987001656CD /* SwiftUI.framework */ = {isa = PBXFileReference; lastKnownFileType = wrapper.framework; name = SwiftUI.framework; path = System/Library/Frameworks/SwiftUI.framework; sourceTree = SDKROOT; };
		FD3CD92B28C73987001656CD /* RapidAntigenTestMapWidget.swift */ = {isa = PBXFileReference; lastKnownFileType = sourcecode.swift; path = RapidAntigenTestMapWidget.swift; sourceTree = "<group>"; };
		FD3CD92E28C73988001656CD /* Assets.xcassets */ = {isa = PBXFileReference; lastKnownFileType = folder.assetcatalog; path = Assets.xcassets; sourceTree = "<group>"; };
		FD3CD93028C73988001656CD /* Info.plist */ = {isa = PBXFileReference; lastKnownFileType = text.plist.xml; path = Info.plist; sourceTree = "<group>"; };
		FD3CD93928C739A2001656CD /* RapidAntigenTestMap.entitlements */ = {isa = PBXFileReference; lastKnownFileType = text.plist.entitlements; path = RapidAntigenTestMap.entitlements; sourceTree = "<group>"; };
		FD3CD93A28C739CB001656CD /* RapidAntigenTestMapWidgetExtension.entitlements */ = {isa = PBXFileReference; lastKnownFileType = text.plist.entitlements; path = RapidAntigenTestMapWidgetExtension.entitlements; sourceTree = "<group>"; };
		FD3CD93B28C74276001656CD /* AnnotationViewWidget.swift */ = {isa = PBXFileReference; lastKnownFileType = sourcecode.swift; path = AnnotationViewWidget.swift; sourceTree = "<group>"; };
		FD6B3D6528BF489E00949C52 /* GoogleService-Info.plist */ = {isa = PBXFileReference; fileEncoding = 4; lastKnownFileType = text.plist.xml; path = "GoogleService-Info.plist"; sourceTree = "<group>"; };
		FD6B3D6728BF4AC000949C52 /* MyFlyLocationMutatable.gpx */ = {isa = PBXFileReference; fileEncoding = 4; lastKnownFileType = text.xml; path = MyFlyLocationMutatable.gpx; sourceTree = "<group>"; };
		FD8EC4DD28C7827F00F4E28C /* Base */ = {isa = PBXFileReference; lastKnownFileType = file.intentdefinition; name = Base; path = Base.lproj/RapidAntigenTestMapWidget.intentdefinition; sourceTree = "<group>"; };
		FD8EC4E028C7828100F4E28C /* en */ = {isa = PBXFileReference; lastKnownFileType = text.plist.strings; name = en; path = en.lproj/RapidAntigenTestMapWidget.strings; sourceTree = "<group>"; };
		FDB4E1BF2940D54E0054C5D5 /* AdManager.swift */ = {isa = PBXFileReference; lastKnownFileType = sourcecode.swift; path = AdManager.swift; sourceTree = "<group>"; };
/* End PBXFileReference section */

/* Begin PBXFrameworksBuildPhase section */
		FD30CEF5283D14810025EE66 /* Frameworks */ = {
			isa = PBXFrameworksBuildPhase;
			buildActionMask = 2147483647;
			files = (
				FDB4E1BE2940D2FF0054C5D5 /* GoogleMobileAds in Frameworks */,
				FD6B3D6028BF47B500949C52 /* FirebaseAnalyticsSwift in Frameworks */,
				FD6B3D6228BF47B500949C52 /* FirebaseCrashlytics in Frameworks */,
				FD6B3D6428BF47B500949C52 /* FirebasePerformance in Frameworks */,
				FD6B3D5E28BF47B500949C52 /* FirebaseAnalytics in Frameworks */,
				CDF4382D18CF13281817E96B /* Pods_RapidAntigenTestMap.framework in Frameworks */,
			);
			runOnlyForDeploymentPostprocessing = 0;
		};
		FD30CF05283D14830025EE66 /* Frameworks */ = {
			isa = PBXFrameworksBuildPhase;
			buildActionMask = 2147483647;
			files = (
				A186D61D8124E126B79E74B2 /* Pods_RapidAntigenTestMapTests.framework in Frameworks */,
			);
			runOnlyForDeploymentPostprocessing = 0;
		};
		FD30CF0F283D14830025EE66 /* Frameworks */ = {
			isa = PBXFrameworksBuildPhase;
			buildActionMask = 2147483647;
			files = (
				A9BB74C8D383AB28B05F078D /* Pods_RapidAntigenTestMap_RapidAntigenTestMapUITests.framework in Frameworks */,
			);
			runOnlyForDeploymentPostprocessing = 0;
		};
		FD3CD92228C73987001656CD /* Frameworks */ = {
			isa = PBXFrameworksBuildPhase;
			buildActionMask = 2147483647;
			files = (
				FD3CD92928C73987001656CD /* SwiftUI.framework in Frameworks */,
				FD3CD92728C73987001656CD /* WidgetKit.framework in Frameworks */,
			);
			runOnlyForDeploymentPostprocessing = 0;
		};
/* End PBXFrameworksBuildPhase section */

/* Begin PBXGroup section */
		BEBEC76CE36940A0CB5DC77B /* Pods */ = {
			isa = PBXGroup;
			children = (
				3DFC20A1B7C9692371C85098 /* Pods-RapidAntigenTestMap.debug.xcconfig */,
				0D876B0640EC148C11FC6AEC /* Pods-RapidAntigenTestMap.release.xcconfig */,
				35708732BC015A83354ECB1B /* Pods-RapidAntigenTestMap-RapidAntigenTestMapUITests.debug.xcconfig */,
				97E728332A16436E2C4E188F /* Pods-RapidAntigenTestMap-RapidAntigenTestMapUITests.release.xcconfig */,
				B91AE80C4D0DCAAAFADD92E2 /* Pods-RapidAntigenTestMapTests.debug.xcconfig */,
				2A2571B7809F91E8EF9EFF49 /* Pods-RapidAntigenTestMapTests.release.xcconfig */,
			);
			path = Pods;
			sourceTree = "<group>";
		};
		DFD6DA0D24CADB67363A4C2B /* Frameworks */ = {
			isa = PBXGroup;
			children = (
				C0B1A7307E318BE210F2A6C3 /* Pods_RapidAntigenTestMap.framework */,
				A799B846CB01607FD6835D49 /* Pods_RapidAntigenTestMap_RapidAntigenTestMapUITests.framework */,
				8612C27CB22077BE6EF28DCF /* Pods_RapidAntigenTestMapTests.framework */,
				51DBA2F22843D262001F904B /* AuthenticationServices.framework */,
				FD3CD92628C73987001656CD /* WidgetKit.framework */,
				FD3CD92828C73987001656CD /* SwiftUI.framework */,
			);
			name = Frameworks;
			sourceTree = "<group>";
		};
		FD30CEEF283D14810025EE66 = {
			isa = PBXGroup;
			children = (
				FD3CD93A28C739CB001656CD /* RapidAntigenTestMapWidgetExtension.entitlements */,
				FD30CEFA283D14810025EE66 /* RapidAntigenTestMap */,
				FD30CF0B283D14830025EE66 /* RapidAntigenTestMapTests */,
				FD30CF15283D14830025EE66 /* RapidAntigenTestMapUITests */,
				FD3CD92A28C73987001656CD /* RapidAntigenTestMapWidget */,
				FD30CEF9283D14810025EE66 /* Products */,
				BEBEC76CE36940A0CB5DC77B /* Pods */,
				DFD6DA0D24CADB67363A4C2B /* Frameworks */,
			);
			sourceTree = "<group>";
		};
		FD30CEF9283D14810025EE66 /* Products */ = {
			isa = PBXGroup;
			children = (
				FD30CEF8283D14810025EE66 /* RapidAntigenTestMap.app */,
				FD30CF08283D14830025EE66 /* RapidAntigenTestMapTests.xctest */,
				FD30CF12283D14830025EE66 /* RapidAntigenTestMapUITests.xctest */,
				FD3CD92528C73987001656CD /* RapidAntigenTestMapWidgetExtension.appex */,
			);
			name = Products;
			sourceTree = "<group>";
		};
		FD30CEFA283D14810025EE66 /* RapidAntigenTestMap */ = {
			isa = PBXGroup;
			children = (
				FD3CD93928C739A2001656CD /* RapidAntigenTestMap.entitlements */,
				FD6B3D6728BF4AC000949C52 /* MyFlyLocationMutatable.gpx */,
				51F36A4328427D46003BFF8C /* Info.plist */,
				51788D0B2854A76F009CB1D2 /* IconMove.gif */,
				51788D2F285A344D009CB1D2 /* ShootAndShake100.gif */,
				FD30CF27283FB7130025EE66 /* Model */,
				FD30CF2A283FB7C60025EE66 /* ViewModel */,
				FD30CF2C283FB7E00025EE66 /* View */,
				FD30CEFB283D14810025EE66 /* RapidAntigenTestMapApp.swift */,
				FD30CEFD283D14810025EE66 /* ContentView.swift */,
				FD30CEFF283D14820025EE66 /* Assets.xcassets */,
				FD6B3D6528BF489E00949C52 /* GoogleService-Info.plist */,
				51C44A992845DD3E00C1F4F0 /* style.json */,
				FD30CF01283D14820025EE66 /* Preview Content */,
			);
			path = RapidAntigenTestMap;
			sourceTree = "<group>";
		};
		FD30CF01283D14820025EE66 /* Preview Content */ = {
			isa = PBXGroup;
			children = (
				FD30CF02283D14820025EE66 /* Preview Assets.xcassets */,
			);
			path = "Preview Content";
			sourceTree = "<group>";
		};
		FD30CF0B283D14830025EE66 /* RapidAntigenTestMapTests */ = {
			isa = PBXGroup;
			children = (
				FD30CF0C283D14830025EE66 /* RapidAntigenTestMapTests.swift */,
			);
			path = RapidAntigenTestMapTests;
			sourceTree = "<group>";
		};
		FD30CF15283D14830025EE66 /* RapidAntigenTestMapUITests */ = {
			isa = PBXGroup;
			children = (
				FD30CF16283D14830025EE66 /* RapidAntigenTestMapUITests.swift */,
				FD30CF18283D14830025EE66 /* RapidAntigenTestMapUITestsLaunchTests.swift */,
			);
			path = RapidAntigenTestMapUITests;
			sourceTree = "<group>";
		};
		FD30CF27283FB7130025EE66 /* Model */ = {
			isa = PBXGroup;
			children = (
				FD30CF2D283FB8110025EE66 /* Tab.swift */,
				FD30CF28283FB78C0025EE66 /* PharmacyData.swift */,
			);
			path = Model;
			sourceTree = "<group>";
		};
		FD30CF2A283FB7C60025EE66 /* ViewModel */ = {
			isa = PBXGroup;
			children = (
				FD30CF34283FBC0F0025EE66 /* MedDataModel.swift */,
				FD30CF3A283FD28A0025EE66 /* LocationManager.swift */,
				FDB4E1BF2940D54E0054C5D5 /* AdManager.swift */,
			);
			path = ViewModel;
			sourceTree = "<group>";
		};
		FD30CF2C283FB7E00025EE66 /* View */ = {
			isa = PBXGroup;
			children = (
				FD30CF38283FBE0E0025EE66 /* TabBarView.swift */,
				51F36A412841BDE5003BFF8C /* NavBarView.swift */,
				FD30CF30283FBA060025EE66 /* MapView.swift */,
				FD30CF32283FBBB80025EE66 /* ListView.swift */,
				51F36A3F2841B906003BFF8C /* SettingsView.swift */,
				51788D0D2854F472009CB1D2 /* SplashScreenView.swift */,
				51788D0428521FD4009CB1D2 /* HUDView.swift */,
				51788D092854A285009CB1D2 /* GifImage.swift */,
			);
			path = View;
			sourceTree = "<group>";
		};
		FD3CD92A28C73987001656CD /* RapidAntigenTestMapWidget */ = {
			isa = PBXGroup;
			children = (
				FD3CD92B28C73987001656CD /* RapidAntigenTestMapWidget.swift */,
				FD3CD93B28C74276001656CD /* AnnotationViewWidget.swift */,
				FD8EC4DE28C7827F00F4E28C /* RapidAntigenTestMapWidget.intentdefinition */,
				FD3CD92E28C73988001656CD /* Assets.xcassets */,
				FD3CD93028C73988001656CD /* Info.plist */,
			);
			path = RapidAntigenTestMapWidget;
			sourceTree = "<group>";
		};
/* End PBXGroup section */

/* Begin PBXNativeTarget section */
		FD30CEF7283D14810025EE66 /* RapidAntigenTestMap */ = {
			isa = PBXNativeTarget;
			buildConfigurationList = FD30CF1C283D14830025EE66 /* Build configuration list for PBXNativeTarget "RapidAntigenTestMap" */;
			buildPhases = (
				BA50F49936814D982DE5FC38 /* [CP] Check Pods Manifest.lock */,
				FD30CEF4283D14810025EE66 /* Sources */,
				FD30CEF5283D14810025EE66 /* Frameworks */,
				FD30CEF6283D14810025EE66 /* Resources */,
				DC99B5116E2BDA2CA7D43DBA /* [CP] Copy Pods Resources */,
				51DBA3012843D262001F904B /* Embed App Extensions */,
				FD8EC4EA28C8395F00F4E28C /* Run Script */,
			);
			buildRules = (
			);
			dependencies = (
				FD3CD93428C73988001656CD /* PBXTargetDependency */,
			);
			name = RapidAntigenTestMap;
			packageProductDependencies = (
				FD6B3D5D28BF47B500949C52 /* FirebaseAnalytics */,
				FD6B3D5F28BF47B500949C52 /* FirebaseAnalyticsSwift */,
				FD6B3D6128BF47B500949C52 /* FirebaseCrashlytics */,
				FD6B3D6328BF47B500949C52 /* FirebasePerformance */,
				FDB4E1BD2940D2FF0054C5D5 /* GoogleMobileAds */,
			);
			productName = RapidAntigenTestMap;
			productReference = FD30CEF8283D14810025EE66 /* RapidAntigenTestMap.app */;
			productType = "com.apple.product-type.application";
		};
		FD30CF07283D14830025EE66 /* RapidAntigenTestMapTests */ = {
			isa = PBXNativeTarget;
			buildConfigurationList = FD30CF1F283D14830025EE66 /* Build configuration list for PBXNativeTarget "RapidAntigenTestMapTests" */;
			buildPhases = (
				950A463E7100D0065EA25D39 /* [CP] Check Pods Manifest.lock */,
				FD30CF04283D14830025EE66 /* Sources */,
				FD30CF05283D14830025EE66 /* Frameworks */,
				FD30CF06283D14830025EE66 /* Resources */,
			);
			buildRules = (
			);
			dependencies = (
				FD30CF0A283D14830025EE66 /* PBXTargetDependency */,
			);
			name = RapidAntigenTestMapTests;
			productName = RapidAntigenTestMapTests;
			productReference = FD30CF08283D14830025EE66 /* RapidAntigenTestMapTests.xctest */;
			productType = "com.apple.product-type.bundle.unit-test";
		};
		FD30CF11283D14830025EE66 /* RapidAntigenTestMapUITests */ = {
			isa = PBXNativeTarget;
			buildConfigurationList = FD30CF22283D14830025EE66 /* Build configuration list for PBXNativeTarget "RapidAntigenTestMapUITests" */;
			buildPhases = (
				191F1A5B764025F72F14F8D3 /* [CP] Check Pods Manifest.lock */,
				FD30CF0E283D14830025EE66 /* Sources */,
				FD30CF0F283D14830025EE66 /* Frameworks */,
				FD30CF10283D14830025EE66 /* Resources */,
				DFE6BB4BE00050A0963794A5 /* [CP] Copy Pods Resources */,
			);
			buildRules = (
			);
			dependencies = (
				FD30CF14283D14830025EE66 /* PBXTargetDependency */,
			);
			name = RapidAntigenTestMapUITests;
			productName = RapidAntigenTestMapUITests;
			productReference = FD30CF12283D14830025EE66 /* RapidAntigenTestMapUITests.xctest */;
			productType = "com.apple.product-type.bundle.ui-testing";
		};
		FD3CD92428C73987001656CD /* RapidAntigenTestMapWidgetExtension */ = {
			isa = PBXNativeTarget;
			buildConfigurationList = FD3CD93828C73988001656CD /* Build configuration list for PBXNativeTarget "RapidAntigenTestMapWidgetExtension" */;
			buildPhases = (
				FD3CD92128C73987001656CD /* Sources */,
				FD3CD92228C73987001656CD /* Frameworks */,
				FD3CD92328C73987001656CD /* Resources */,
			);
			buildRules = (
			);
			dependencies = (
			);
			name = RapidAntigenTestMapWidgetExtension;
			productName = RapidAntigenTestMapWidgetExtension;
			productReference = FD3CD92528C73987001656CD /* RapidAntigenTestMapWidgetExtension.appex */;
			productType = "com.apple.product-type.app-extension";
		};
/* End PBXNativeTarget section */

/* Begin PBXProject section */
		FD30CEF0283D14810025EE66 /* Project object */ = {
			isa = PBXProject;
			attributes = {
				BuildIndependentTargetsInParallel = 1;
				LastSwiftUpdateCheck = 1340;
				LastUpgradeCheck = 1330;
				TargetAttributes = {
					FD30CEF7283D14810025EE66 = {
						CreatedOnToolsVersion = 13.3.1;
					};
					FD30CF07283D14830025EE66 = {
						CreatedOnToolsVersion = 13.3.1;
						TestTargetID = FD30CEF7283D14810025EE66;
					};
					FD30CF11283D14830025EE66 = {
						CreatedOnToolsVersion = 13.3.1;
						TestTargetID = FD30CEF7283D14810025EE66;
					};
					FD3CD92428C73987001656CD = {
						CreatedOnToolsVersion = 13.4.1;
					};
				};
			};
			buildConfigurationList = FD30CEF3283D14810025EE66 /* Build configuration list for PBXProject "RapidAntigenTestMap" */;
			compatibilityVersion = "Xcode 13.0";
			developmentRegion = en;
			hasScannedForEncodings = 0;
			knownRegions = (
				en,
				Base,
			);
			mainGroup = FD30CEEF283D14810025EE66;
			packageReferences = (
				FD6B3D5C28BF47B500949C52 /* XCRemoteSwiftPackageReference "firebase-ios-sdk" */,
				FDB4E1BC2940D2FF0054C5D5 /* XCRemoteSwiftPackageReference "swift-package-manager-google-mobile-ads" */,
			);
			productRefGroup = FD30CEF9283D14810025EE66 /* Products */;
			projectDirPath = "";
			projectRoot = "";
			targets = (
				FD30CEF7283D14810025EE66 /* RapidAntigenTestMap */,
				FD30CF07283D14830025EE66 /* RapidAntigenTestMapTests */,
				FD30CF11283D14830025EE66 /* RapidAntigenTestMapUITests */,
				FD3CD92428C73987001656CD /* RapidAntigenTestMapWidgetExtension */,
			);
		};
/* End PBXProject section */

/* Begin PBXResourcesBuildPhase section */
		FD30CEF6283D14810025EE66 /* Resources */ = {
			isa = PBXResourcesBuildPhase;
			buildActionMask = 2147483647;
			files = (
				51788D0C2854A76F009CB1D2 /* IconMove.gif in Resources */,
				FD6B3D6828BF4AC000949C52 /* MyFlyLocationMutatable.gpx in Resources */,
				51C44A9A2845DD3E00C1F4F0 /* style.json in Resources */,
				51788D30285A344D009CB1D2 /* ShootAndShake100.gif in Resources */,
				FD30CF03283D14820025EE66 /* Preview Assets.xcassets in Resources */,
				FD30CF00283D14820025EE66 /* Assets.xcassets in Resources */,
				FD6B3D6628BF489F00949C52 /* GoogleService-Info.plist in Resources */,
			);
			runOnlyForDeploymentPostprocessing = 0;
		};
		FD30CF06283D14830025EE66 /* Resources */ = {
			isa = PBXResourcesBuildPhase;
			buildActionMask = 2147483647;
			files = (
			);
			runOnlyForDeploymentPostprocessing = 0;
		};
		FD30CF10283D14830025EE66 /* Resources */ = {
			isa = PBXResourcesBuildPhase;
			buildActionMask = 2147483647;
			files = (
			);
			runOnlyForDeploymentPostprocessing = 0;
		};
		FD3CD92328C73987001656CD /* Resources */ = {
			isa = PBXResourcesBuildPhase;
			buildActionMask = 2147483647;
			files = (
				FD3CD92F28C73988001656CD /* Assets.xcassets in Resources */,
			);
			runOnlyForDeploymentPostprocessing = 0;
		};
/* End PBXResourcesBuildPhase section */

/* Begin PBXShellScriptBuildPhase section */
		191F1A5B764025F72F14F8D3 /* [CP] Check Pods Manifest.lock */ = {
			isa = PBXShellScriptBuildPhase;
			buildActionMask = 2147483647;
			files = (
			);
			inputFileListPaths = (
			);
			inputPaths = (
				"${PODS_PODFILE_DIR_PATH}/Podfile.lock",
				"${PODS_ROOT}/Manifest.lock",
			);
			name = "[CP] Check Pods Manifest.lock";
			outputFileListPaths = (
			);
			outputPaths = (
				"$(DERIVED_FILE_DIR)/Pods-RapidAntigenTestMap-RapidAntigenTestMapUITests-checkManifestLockResult.txt",
			);
			runOnlyForDeploymentPostprocessing = 0;
			shellPath = /bin/sh;
			shellScript = "diff \"${PODS_PODFILE_DIR_PATH}/Podfile.lock\" \"${PODS_ROOT}/Manifest.lock\" > /dev/null\nif [ $? != 0 ] ; then\n    # print error to STDERR\n    echo \"error: The sandbox is not in sync with the Podfile.lock. Run 'pod install' or update your CocoaPods installation.\" >&2\n    exit 1\nfi\n# This output is used by Xcode 'outputs' to avoid re-running this script phase.\necho \"SUCCESS\" > \"${SCRIPT_OUTPUT_FILE_0}\"\n";
			showEnvVarsInLog = 0;
		};
		950A463E7100D0065EA25D39 /* [CP] Check Pods Manifest.lock */ = {
			isa = PBXShellScriptBuildPhase;
			buildActionMask = 2147483647;
			files = (
			);
			inputFileListPaths = (
			);
			inputPaths = (
				"${PODS_PODFILE_DIR_PATH}/Podfile.lock",
				"${PODS_ROOT}/Manifest.lock",
			);
			name = "[CP] Check Pods Manifest.lock";
			outputFileListPaths = (
			);
			outputPaths = (
				"$(DERIVED_FILE_DIR)/Pods-RapidAntigenTestMapTests-checkManifestLockResult.txt",
			);
			runOnlyForDeploymentPostprocessing = 0;
			shellPath = /bin/sh;
			shellScript = "diff \"${PODS_PODFILE_DIR_PATH}/Podfile.lock\" \"${PODS_ROOT}/Manifest.lock\" > /dev/null\nif [ $? != 0 ] ; then\n    # print error to STDERR\n    echo \"error: The sandbox is not in sync with the Podfile.lock. Run 'pod install' or update your CocoaPods installation.\" >&2\n    exit 1\nfi\n# This output is used by Xcode 'outputs' to avoid re-running this script phase.\necho \"SUCCESS\" > \"${SCRIPT_OUTPUT_FILE_0}\"\n";
			showEnvVarsInLog = 0;
		};
		BA50F49936814D982DE5FC38 /* [CP] Check Pods Manifest.lock */ = {
			isa = PBXShellScriptBuildPhase;
			buildActionMask = 2147483647;
			files = (
			);
			inputFileListPaths = (
			);
			inputPaths = (
				"${PODS_PODFILE_DIR_PATH}/Podfile.lock",
				"${PODS_ROOT}/Manifest.lock",
			);
			name = "[CP] Check Pods Manifest.lock";
			outputFileListPaths = (
			);
			outputPaths = (
				"$(DERIVED_FILE_DIR)/Pods-RapidAntigenTestMap-checkManifestLockResult.txt",
			);
			runOnlyForDeploymentPostprocessing = 0;
			shellPath = /bin/sh;
			shellScript = "diff \"${PODS_PODFILE_DIR_PATH}/Podfile.lock\" \"${PODS_ROOT}/Manifest.lock\" > /dev/null\nif [ $? != 0 ] ; then\n    # print error to STDERR\n    echo \"error: The sandbox is not in sync with the Podfile.lock. Run 'pod install' or update your CocoaPods installation.\" >&2\n    exit 1\nfi\n# This output is used by Xcode 'outputs' to avoid re-running this script phase.\necho \"SUCCESS\" > \"${SCRIPT_OUTPUT_FILE_0}\"\n";
			showEnvVarsInLog = 0;
		};
		DC99B5116E2BDA2CA7D43DBA /* [CP] Copy Pods Resources */ = {
			isa = PBXShellScriptBuildPhase;
			buildActionMask = 2147483647;
			files = (
			);
			inputFileListPaths = (
				"${PODS_ROOT}/Target Support Files/Pods-RapidAntigenTestMap/Pods-RapidAntigenTestMap-resources-${CONFIGURATION}-input-files.xcfilelist",
			);
			name = "[CP] Copy Pods Resources";
			outputFileListPaths = (
				"${PODS_ROOT}/Target Support Files/Pods-RapidAntigenTestMap/Pods-RapidAntigenTestMap-resources-${CONFIGURATION}-output-files.xcfilelist",
			);
			runOnlyForDeploymentPostprocessing = 0;
			shellPath = /bin/sh;
			shellScript = "\"${PODS_ROOT}/Target Support Files/Pods-RapidAntigenTestMap/Pods-RapidAntigenTestMap-resources.sh\"\n";
			showEnvVarsInLog = 0;
		};
		DFE6BB4BE00050A0963794A5 /* [CP] Copy Pods Resources */ = {
			isa = PBXShellScriptBuildPhase;
			buildActionMask = 2147483647;
			files = (
			);
			inputFileListPaths = (
				"${PODS_ROOT}/Target Support Files/Pods-RapidAntigenTestMap-RapidAntigenTestMapUITests/Pods-RapidAntigenTestMap-RapidAntigenTestMapUITests-resources-${CONFIGURATION}-input-files.xcfilelist",
			);
			name = "[CP] Copy Pods Resources";
			outputFileListPaths = (
				"${PODS_ROOT}/Target Support Files/Pods-RapidAntigenTestMap-RapidAntigenTestMapUITests/Pods-RapidAntigenTestMap-RapidAntigenTestMapUITests-resources-${CONFIGURATION}-output-files.xcfilelist",
			);
			runOnlyForDeploymentPostprocessing = 0;
			shellPath = /bin/sh;
			shellScript = "\"${PODS_ROOT}/Target Support Files/Pods-RapidAntigenTestMap-RapidAntigenTestMapUITests/Pods-RapidAntigenTestMap-RapidAntigenTestMapUITests-resources.sh\"\n";
			showEnvVarsInLog = 0;
		};
		FD8EC4EA28C8395F00F4E28C /* Run Script */ = {
			isa = PBXShellScriptBuildPhase;
			buildActionMask = 2147483647;
			files = (
			);
			inputFileListPaths = (
			);
			inputPaths = (
				"${DWARF_DSYM_FOLDER_PATH}/${DWARF_DSYM_FILE_NAME}/Contents/Resources/DWARF/${TARGET_NAME}",
				"$(SRCROOT)/$(BUILT_PRODUCTS_DIR)/$(INFOPLIST_PATH)",
				"${DWARF_DSYM_FOLDER_PATH}/${DWARF_DSYM_FILE_NAME}",
			);
			name = "Run Script";
			outputFileListPaths = (
			);
			outputPaths = (
			);
			runOnlyForDeploymentPostprocessing = 0;
			shellPath = /bin/sh;
			shellScript = "# Type a script or drag a script file from your workspace to insert its path.\n\"${BUILD_DIR%/Build/*}/SourcePackages/checkouts/firebase-ios-sdk/Crashlytics/run\"\n";
		};
/* End PBXShellScriptBuildPhase section */

/* Begin PBXSourcesBuildPhase section */
		FD30CEF4283D14810025EE66 /* Sources */ = {
			isa = PBXSourcesBuildPhase;
			buildActionMask = 2147483647;
			files = (
				51788D0528521FD4009CB1D2 /* HUDView.swift in Sources */,
				FD30CF29283FB78D0025EE66 /* PharmacyData.swift in Sources */,
				51788D0E2854F472009CB1D2 /* SplashScreenView.swift in Sources */,
				FD30CF35283FBC0F0025EE66 /* MedDataModel.swift in Sources */,
				FD30CF39283FBE0E0025EE66 /* TabBarView.swift in Sources */,
				FD30CEFE283D14810025EE66 /* ContentView.swift in Sources */,
				FD30CF33283FBBB80025EE66 /* ListView.swift in Sources */,
				51F36A422841BDE5003BFF8C /* NavBarView.swift in Sources */,
				51F36A402841B906003BFF8C /* SettingsView.swift in Sources */,
				FD30CF31283FBA060025EE66 /* MapView.swift in Sources */,
				FDB4E1C02940D54E0054C5D5 /* AdManager.swift in Sources */,
				FD30CF2E283FB8110025EE66 /* Tab.swift in Sources */,
				FD8EC4DB28C7827F00F4E28C /* RapidAntigenTestMapWidget.intentdefinition in Sources */,
				51788D0A2854A285009CB1D2 /* GifImage.swift in Sources */,
				FD30CEFC283D14810025EE66 /* RapidAntigenTestMapApp.swift in Sources */,
				FD30CF3B283FD28A0025EE66 /* LocationManager.swift in Sources */,
			);
			runOnlyForDeploymentPostprocessing = 0;
		};
		FD30CF04283D14830025EE66 /* Sources */ = {
			isa = PBXSourcesBuildPhase;
			buildActionMask = 2147483647;
			files = (
				FD30CF0D283D14830025EE66 /* RapidAntigenTestMapTests.swift in Sources */,
			);
			runOnlyForDeploymentPostprocessing = 0;
		};
		FD30CF0E283D14830025EE66 /* Sources */ = {
			isa = PBXSourcesBuildPhase;
			buildActionMask = 2147483647;
			files = (
				FD30CF17283D14830025EE66 /* RapidAntigenTestMapUITests.swift in Sources */,
				FD30CF19283D14830025EE66 /* RapidAntigenTestMapUITestsLaunchTests.swift in Sources */,
			);
			runOnlyForDeploymentPostprocessing = 0;
		};
		FD3CD92128C73987001656CD /* Sources */ = {
			isa = PBXSourcesBuildPhase;
			buildActionMask = 2147483647;
			files = (
				FD3CD93C28C74276001656CD /* AnnotationViewWidget.swift in Sources */,
				FD3CD92C28C73987001656CD /* RapidAntigenTestMapWidget.swift in Sources */,
				FD8EC4DC28C7827F00F4E28C /* RapidAntigenTestMapWidget.intentdefinition in Sources */,
			);
			runOnlyForDeploymentPostprocessing = 0;
		};
/* End PBXSourcesBuildPhase section */

/* Begin PBXTargetDependency section */
		FD30CF0A283D14830025EE66 /* PBXTargetDependency */ = {
			isa = PBXTargetDependency;
			target = FD30CEF7283D14810025EE66 /* RapidAntigenTestMap */;
			targetProxy = FD30CF09283D14830025EE66 /* PBXContainerItemProxy */;
		};
		FD30CF14283D14830025EE66 /* PBXTargetDependency */ = {
			isa = PBXTargetDependency;
			target = FD30CEF7283D14810025EE66 /* RapidAntigenTestMap */;
			targetProxy = FD30CF13283D14830025EE66 /* PBXContainerItemProxy */;
		};
		FD3CD93428C73988001656CD /* PBXTargetDependency */ = {
			isa = PBXTargetDependency;
			target = FD3CD92428C73987001656CD /* RapidAntigenTestMapWidgetExtension */;
			targetProxy = FD3CD93328C73988001656CD /* PBXContainerItemProxy */;
		};
/* End PBXTargetDependency section */

/* Begin PBXVariantGroup section */
		FD8EC4DE28C7827F00F4E28C /* RapidAntigenTestMapWidget.intentdefinition */ = {
			isa = PBXVariantGroup;
			children = (
				FD8EC4DD28C7827F00F4E28C /* Base */,
				FD8EC4E028C7828100F4E28C /* en */,
			);
			name = RapidAntigenTestMapWidget.intentdefinition;
			sourceTree = "<group>";
		};
/* End PBXVariantGroup section */

/* Begin XCBuildConfiguration section */
		FD30CF1A283D14830025EE66 /* Debug */ = {
			isa = XCBuildConfiguration;
			buildSettings = {
				ALWAYS_SEARCH_USER_PATHS = NO;
				CLANG_ANALYZER_NONNULL = YES;
				CLANG_ANALYZER_NUMBER_OBJECT_CONVERSION = YES_AGGRESSIVE;
				CLANG_CXX_LANGUAGE_STANDARD = "gnu++17";
				CLANG_ENABLE_MODULES = YES;
				CLANG_ENABLE_OBJC_ARC = YES;
				CLANG_ENABLE_OBJC_WEAK = YES;
				CLANG_WARN_BLOCK_CAPTURE_AUTORELEASING = YES;
				CLANG_WARN_BOOL_CONVERSION = YES;
				CLANG_WARN_COMMA = YES;
				CLANG_WARN_CONSTANT_CONVERSION = YES;
				CLANG_WARN_DEPRECATED_OBJC_IMPLEMENTATIONS = YES;
				CLANG_WARN_DIRECT_OBJC_ISA_USAGE = YES_ERROR;
				CLANG_WARN_DOCUMENTATION_COMMENTS = YES;
				CLANG_WARN_EMPTY_BODY = YES;
				CLANG_WARN_ENUM_CONVERSION = YES;
				CLANG_WARN_INFINITE_RECURSION = YES;
				CLANG_WARN_INT_CONVERSION = YES;
				CLANG_WARN_NON_LITERAL_NULL_CONVERSION = YES;
				CLANG_WARN_OBJC_IMPLICIT_RETAIN_SELF = YES;
				CLANG_WARN_OBJC_LITERAL_CONVERSION = YES;
				CLANG_WARN_OBJC_ROOT_CLASS = YES_ERROR;
				CLANG_WARN_QUOTED_INCLUDE_IN_FRAMEWORK_HEADER = YES;
				CLANG_WARN_RANGE_LOOP_ANALYSIS = YES;
				CLANG_WARN_STRICT_PROTOTYPES = YES;
				CLANG_WARN_SUSPICIOUS_MOVE = YES;
				CLANG_WARN_UNGUARDED_AVAILABILITY = YES_AGGRESSIVE;
				CLANG_WARN_UNREACHABLE_CODE = YES;
				CLANG_WARN__DUPLICATE_METHOD_MATCH = YES;
				COPY_PHASE_STRIP = NO;
				DEBUG_INFORMATION_FORMAT = dwarf;
				ENABLE_STRICT_OBJC_MSGSEND = YES;
				ENABLE_TESTABILITY = YES;
				GCC_C_LANGUAGE_STANDARD = gnu11;
				GCC_DYNAMIC_NO_PIC = NO;
				GCC_NO_COMMON_BLOCKS = YES;
				GCC_OPTIMIZATION_LEVEL = 0;
				GCC_PREPROCESSOR_DEFINITIONS = (
					"DEBUG=1",
					"$(inherited)",
				);
				GCC_WARN_64_TO_32_BIT_CONVERSION = YES;
				GCC_WARN_ABOUT_RETURN_TYPE = YES_ERROR;
				GCC_WARN_UNDECLARED_SELECTOR = YES;
				GCC_WARN_UNINITIALIZED_AUTOS = YES_AGGRESSIVE;
				GCC_WARN_UNUSED_FUNCTION = YES;
				GCC_WARN_UNUSED_VARIABLE = YES;
				IPHONEOS_DEPLOYMENT_TARGET = 15.0;
				MTL_ENABLE_DEBUG_INFO = INCLUDE_SOURCE;
				MTL_FAST_MATH = YES;
				ONLY_ACTIVE_ARCH = YES;
				SDKROOT = iphoneos;
				SWIFT_ACTIVE_COMPILATION_CONDITIONS = DEBUG;
				SWIFT_OPTIMIZATION_LEVEL = "-Onone";
			};
			name = Debug;
		};
		FD30CF1B283D14830025EE66 /* Release */ = {
			isa = XCBuildConfiguration;
			buildSettings = {
				ALWAYS_SEARCH_USER_PATHS = NO;
				CLANG_ANALYZER_NONNULL = YES;
				CLANG_ANALYZER_NUMBER_OBJECT_CONVERSION = YES_AGGRESSIVE;
				CLANG_CXX_LANGUAGE_STANDARD = "gnu++17";
				CLANG_ENABLE_MODULES = YES;
				CLANG_ENABLE_OBJC_ARC = YES;
				CLANG_ENABLE_OBJC_WEAK = YES;
				CLANG_WARN_BLOCK_CAPTURE_AUTORELEASING = YES;
				CLANG_WARN_BOOL_CONVERSION = YES;
				CLANG_WARN_COMMA = YES;
				CLANG_WARN_CONSTANT_CONVERSION = YES;
				CLANG_WARN_DEPRECATED_OBJC_IMPLEMENTATIONS = YES;
				CLANG_WARN_DIRECT_OBJC_ISA_USAGE = YES_ERROR;
				CLANG_WARN_DOCUMENTATION_COMMENTS = YES;
				CLANG_WARN_EMPTY_BODY = YES;
				CLANG_WARN_ENUM_CONVERSION = YES;
				CLANG_WARN_INFINITE_RECURSION = YES;
				CLANG_WARN_INT_CONVERSION = YES;
				CLANG_WARN_NON_LITERAL_NULL_CONVERSION = YES;
				CLANG_WARN_OBJC_IMPLICIT_RETAIN_SELF = YES;
				CLANG_WARN_OBJC_LITERAL_CONVERSION = YES;
				CLANG_WARN_OBJC_ROOT_CLASS = YES_ERROR;
				CLANG_WARN_QUOTED_INCLUDE_IN_FRAMEWORK_HEADER = YES;
				CLANG_WARN_RANGE_LOOP_ANALYSIS = YES;
				CLANG_WARN_STRICT_PROTOTYPES = YES;
				CLANG_WARN_SUSPICIOUS_MOVE = YES;
				CLANG_WARN_UNGUARDED_AVAILABILITY = YES_AGGRESSIVE;
				CLANG_WARN_UNREACHABLE_CODE = YES;
				CLANG_WARN__DUPLICATE_METHOD_MATCH = YES;
				COPY_PHASE_STRIP = NO;
				DEBUG_INFORMATION_FORMAT = "dwarf-with-dsym";
				ENABLE_NS_ASSERTIONS = NO;
				ENABLE_STRICT_OBJC_MSGSEND = YES;
				GCC_C_LANGUAGE_STANDARD = gnu11;
				GCC_NO_COMMON_BLOCKS = YES;
				GCC_WARN_64_TO_32_BIT_CONVERSION = YES;
				GCC_WARN_ABOUT_RETURN_TYPE = YES_ERROR;
				GCC_WARN_UNDECLARED_SELECTOR = YES;
				GCC_WARN_UNINITIALIZED_AUTOS = YES_AGGRESSIVE;
				GCC_WARN_UNUSED_FUNCTION = YES;
				GCC_WARN_UNUSED_VARIABLE = YES;
				IPHONEOS_DEPLOYMENT_TARGET = 15.0;
				MTL_ENABLE_DEBUG_INFO = NO;
				MTL_FAST_MATH = YES;
				SDKROOT = iphoneos;
				SWIFT_COMPILATION_MODE = wholemodule;
				SWIFT_OPTIMIZATION_LEVEL = "-O";
				VALIDATE_PRODUCT = YES;
			};
			name = Release;
		};
		FD30CF1D283D14830025EE66 /* Debug */ = {
			isa = XCBuildConfiguration;
			baseConfigurationReference = 3DFC20A1B7C9692371C85098 /* Pods-RapidAntigenTestMap.debug.xcconfig */;
			buildSettings = {
				ALWAYS_EMBED_SWIFT_STANDARD_LIBRARIES = YES;
				ASSETCATALOG_COMPILER_APPICON_NAME = AppIcon;
				ASSETCATALOG_COMPILER_GLOBAL_ACCENT_COLOR_NAME = AccentColor;
				ASSETCATALOG_COMPILER_INCLUDE_ALL_APPICON_ASSETS = YES;
				CODE_SIGN_ENTITLEMENTS = RapidAntigenTestMap/RapidAntigenTestMap.entitlements;
				CODE_SIGN_STYLE = Automatic;
				CURRENT_PROJECT_VERSION = 2;
				DEBUG_INFORMATION_FORMAT = "dwarf-with-dsym";
				DEVELOPMENT_ASSET_PATHS = "\"RapidAntigenTestMap/Preview Content\"";
				DEVELOPMENT_TEAM = 48394HVWDA;
				ENABLE_PREVIEWS = YES;
				GENERATE_INFOPLIST_FILE = YES;
				INFOPLIST_FILE = RapidAntigenTestMap/Info.plist;
				INFOPLIST_KEY_CFBundleDisplayName = "快篩地圖";
				INFOPLIST_KEY_LSApplicationCategoryType = "public.app-category.healthcare-fitness";
				INFOPLIST_KEY_NSLocationAlwaysAndWhenInUseUsageDescription = "需要定位權限來取得附近藥局相關資訊，是否允許此App獲取您的定位？";
				INFOPLIST_KEY_NSLocationWhenInUseUsageDescription = "需要定位權限來取得附近藥局相關資訊，是否允許此App獲取您的定位？";
				INFOPLIST_KEY_UIApplicationSceneManifest_Generation = YES;
				INFOPLIST_KEY_UIApplicationSupportsIndirectInputEvents = YES;
				INFOPLIST_KEY_UILaunchScreen_Generation = YES;
				INFOPLIST_KEY_UISupportedInterfaceOrientations_iPad = "UIInterfaceOrientationPortrait UIInterfaceOrientationPortraitUpsideDown UIInterfaceOrientationLandscapeLeft UIInterfaceOrientationLandscapeRight";
				INFOPLIST_KEY_UISupportedInterfaceOrientations_iPhone = UIInterfaceOrientationPortrait;
				IPHONEOS_DEPLOYMENT_TARGET = 15.0;
				LD_RUNPATH_SEARCH_PATHS = (
					"$(inherited)",
					"@executable_path/Frameworks",
				);
				MARKETING_VERSION = 1.1.0;
				PRODUCT_BUNDLE_IDENTIFIER = com.novachens.RapidAntigenTestMap;
				PRODUCT_NAME = "$(TARGET_NAME)";
				SWIFT_EMIT_LOC_STRINGS = YES;
				SWIFT_VERSION = 5.0;
				TARGETED_DEVICE_FAMILY = 1;
			};
			name = Debug;
		};
		FD30CF1E283D14830025EE66 /* Release */ = {
			isa = XCBuildConfiguration;
			baseConfigurationReference = 0D876B0640EC148C11FC6AEC /* Pods-RapidAntigenTestMap.release.xcconfig */;
			buildSettings = {
				ALWAYS_EMBED_SWIFT_STANDARD_LIBRARIES = YES;
				ASSETCATALOG_COMPILER_APPICON_NAME = AppIcon;
				ASSETCATALOG_COMPILER_GLOBAL_ACCENT_COLOR_NAME = AccentColor;
				ASSETCATALOG_COMPILER_INCLUDE_ALL_APPICON_ASSETS = YES;
				CODE_SIGN_ENTITLEMENTS = RapidAntigenTestMap/RapidAntigenTestMap.entitlements;
				CODE_SIGN_STYLE = Automatic;
				CURRENT_PROJECT_VERSION = 2;
				DEBUG_INFORMATION_FORMAT = "dwarf-with-dsym";
				DEVELOPMENT_ASSET_PATHS = "\"RapidAntigenTestMap/Preview Content\"";
				DEVELOPMENT_TEAM = 48394HVWDA;
				ENABLE_PREVIEWS = YES;
				GENERATE_INFOPLIST_FILE = YES;
				INFOPLIST_FILE = RapidAntigenTestMap/Info.plist;
				INFOPLIST_KEY_CFBundleDisplayName = "快篩地圖";
				INFOPLIST_KEY_LSApplicationCategoryType = "public.app-category.healthcare-fitness";
				INFOPLIST_KEY_NSLocationAlwaysAndWhenInUseUsageDescription = "需要定位權限來取得附近藥局相關資訊，是否允許此App獲取您的定位？";
				INFOPLIST_KEY_NSLocationWhenInUseUsageDescription = "需要定位權限來取得附近藥局相關資訊，是否允許此App獲取您的定位？";
				INFOPLIST_KEY_UIApplicationSceneManifest_Generation = YES;
				INFOPLIST_KEY_UIApplicationSupportsIndirectInputEvents = YES;
				INFOPLIST_KEY_UILaunchScreen_Generation = YES;
				INFOPLIST_KEY_UISupportedInterfaceOrientations_iPad = "UIInterfaceOrientationPortrait UIInterfaceOrientationPortraitUpsideDown UIInterfaceOrientationLandscapeLeft UIInterfaceOrientationLandscapeRight";
				INFOPLIST_KEY_UISupportedInterfaceOrientations_iPhone = UIInterfaceOrientationPortrait;
				IPHONEOS_DEPLOYMENT_TARGET = 15.0;
				LD_RUNPATH_SEARCH_PATHS = (
					"$(inherited)",
					"@executable_path/Frameworks",
				);
				MARKETING_VERSION = 1.1.0;
				PRODUCT_BUNDLE_IDENTIFIER = com.novachens.RapidAntigenTestMap;
				PRODUCT_NAME = "$(TARGET_NAME)";
				SWIFT_EMIT_LOC_STRINGS = YES;
				SWIFT_VERSION = 5.0;
				TARGETED_DEVICE_FAMILY = 1;
			};
			name = Release;
		};
		FD30CF20283D14830025EE66 /* Debug */ = {
			isa = XCBuildConfiguration;
			baseConfigurationReference = B91AE80C4D0DCAAAFADD92E2 /* Pods-RapidAntigenTestMapTests.debug.xcconfig */;
			buildSettings = {
				ALWAYS_EMBED_SWIFT_STANDARD_LIBRARIES = YES;
				CODE_SIGN_STYLE = Automatic;
				CURRENT_PROJECT_VERSION = 1;
				DEVELOPMENT_TEAM = 48394HVWDA;
				GENERATE_INFOPLIST_FILE = YES;
				IPHONEOS_DEPLOYMENT_TARGET = 15.4;
				MARKETING_VERSION = 1.0;
				PRODUCT_BUNDLE_IDENTIFIER = com.test.mds.RapidAntigenTestMapTests;
				PRODUCT_NAME = "$(TARGET_NAME)";
				SWIFT_EMIT_LOC_STRINGS = NO;
				SWIFT_VERSION = 5.0;
				TARGETED_DEVICE_FAMILY = "1,2";
				TEST_HOST = "$(BUILT_PRODUCTS_DIR)/RapidAntigenTestMap.app/RapidAntigenTestMap";
			};
			name = Debug;
		};
		FD30CF21283D14830025EE66 /* Release */ = {
			isa = XCBuildConfiguration;
			baseConfigurationReference = 2A2571B7809F91E8EF9EFF49 /* Pods-RapidAntigenTestMapTests.release.xcconfig */;
			buildSettings = {
				ALWAYS_EMBED_SWIFT_STANDARD_LIBRARIES = YES;
				CODE_SIGN_STYLE = Automatic;
				CURRENT_PROJECT_VERSION = 1;
				DEVELOPMENT_TEAM = 48394HVWDA;
				GENERATE_INFOPLIST_FILE = YES;
				IPHONEOS_DEPLOYMENT_TARGET = 15.4;
				MARKETING_VERSION = 1.0;
				PRODUCT_BUNDLE_IDENTIFIER = com.test.mds.RapidAntigenTestMapTests;
				PRODUCT_NAME = "$(TARGET_NAME)";
				SWIFT_EMIT_LOC_STRINGS = NO;
				SWIFT_VERSION = 5.0;
				TARGETED_DEVICE_FAMILY = "1,2";
				TEST_HOST = "$(BUILT_PRODUCTS_DIR)/RapidAntigenTestMap.app/RapidAntigenTestMap";
			};
			name = Release;
		};
		FD30CF23283D14830025EE66 /* Debug */ = {
			isa = XCBuildConfiguration;
			baseConfigurationReference = 35708732BC015A83354ECB1B /* Pods-RapidAntigenTestMap-RapidAntigenTestMapUITests.debug.xcconfig */;
			buildSettings = {
				ALWAYS_EMBED_SWIFT_STANDARD_LIBRARIES = YES;
				CODE_SIGN_STYLE = Automatic;
				CURRENT_PROJECT_VERSION = 1;
				DEVELOPMENT_TEAM = 48394HVWDA;
				GENERATE_INFOPLIST_FILE = YES;
				MARKETING_VERSION = 1.0;
				PRODUCT_BUNDLE_IDENTIFIER = com.test.mds.RapidAntigenTestMapUITests;
				PRODUCT_NAME = "$(TARGET_NAME)";
				SWIFT_EMIT_LOC_STRINGS = NO;
				SWIFT_VERSION = 5.0;
				TARGETED_DEVICE_FAMILY = "1,2";
				TEST_TARGET_NAME = RapidAntigenTestMap;
			};
			name = Debug;
		};
		FD30CF24283D14830025EE66 /* Release */ = {
			isa = XCBuildConfiguration;
			baseConfigurationReference = 97E728332A16436E2C4E188F /* Pods-RapidAntigenTestMap-RapidAntigenTestMapUITests.release.xcconfig */;
			buildSettings = {
				ALWAYS_EMBED_SWIFT_STANDARD_LIBRARIES = YES;
				CODE_SIGN_STYLE = Automatic;
				CURRENT_PROJECT_VERSION = 1;
				DEVELOPMENT_TEAM = 48394HVWDA;
				GENERATE_INFOPLIST_FILE = YES;
				MARKETING_VERSION = 1.0;
				PRODUCT_BUNDLE_IDENTIFIER = com.test.mds.RapidAntigenTestMapUITests;
				PRODUCT_NAME = "$(TARGET_NAME)";
				SWIFT_EMIT_LOC_STRINGS = NO;
				SWIFT_VERSION = 5.0;
				TARGETED_DEVICE_FAMILY = "1,2";
				TEST_TARGET_NAME = RapidAntigenTestMap;
			};
			name = Release;
		};
		FD3CD93628C73988001656CD /* Debug */ = {
			isa = XCBuildConfiguration;
			buildSettings = {
				ASSETCATALOG_COMPILER_GLOBAL_ACCENT_COLOR_NAME = AccentColor;
				ASSETCATALOG_COMPILER_WIDGET_BACKGROUND_COLOR_NAME = WidgetBackground;
				CODE_SIGN_ENTITLEMENTS = RapidAntigenTestMapWidgetExtension.entitlements;
				CODE_SIGN_STYLE = Automatic;
				CURRENT_PROJECT_VERSION = 1;
				DEVELOPMENT_TEAM = 48394HVWDA;
				GENERATE_INFOPLIST_FILE = YES;
				INFOPLIST_FILE = RapidAntigenTestMapWidget/Info.plist;
				INFOPLIST_KEY_CFBundleDisplayName = "快篩地圖";
				INFOPLIST_KEY_NSHumanReadableCopyright = "";
				IPHONEOS_DEPLOYMENT_TARGET = 15.5;
				LD_RUNPATH_SEARCH_PATHS = (
					"$(inherited)",
					"@executable_path/Frameworks",
					"@executable_path/../../Frameworks",
				);
				MARKETING_VERSION = 1.0.0;
				PRODUCT_BUNDLE_IDENTIFIER = com.novachens.RapidAntigenTestMap.RapidAntigenTestMapWidget;
				PRODUCT_NAME = "$(TARGET_NAME)";
				SKIP_INSTALL = YES;
				SWIFT_EMIT_LOC_STRINGS = YES;
				SWIFT_VERSION = 5.0;
				TARGETED_DEVICE_FAMILY = "1,2";
			};
			name = Debug;
		};
		FD3CD93728C73988001656CD /* Release */ = {
			isa = XCBuildConfiguration;
			buildSettings = {
				ASSETCATALOG_COMPILER_GLOBAL_ACCENT_COLOR_NAME = AccentColor;
				ASSETCATALOG_COMPILER_WIDGET_BACKGROUND_COLOR_NAME = WidgetBackground;
				CODE_SIGN_ENTITLEMENTS = RapidAntigenTestMapWidgetExtension.entitlements;
				CODE_SIGN_STYLE = Automatic;
				CURRENT_PROJECT_VERSION = 1;
				DEVELOPMENT_TEAM = 48394HVWDA;
				GENERATE_INFOPLIST_FILE = YES;
				INFOPLIST_FILE = RapidAntigenTestMapWidget/Info.plist;
				INFOPLIST_KEY_CFBundleDisplayName = "快篩地圖";
				INFOPLIST_KEY_NSHumanReadableCopyright = "";
				IPHONEOS_DEPLOYMENT_TARGET = 15.5;
				LD_RUNPATH_SEARCH_PATHS = (
					"$(inherited)",
					"@executable_path/Frameworks",
					"@executable_path/../../Frameworks",
				);
				MARKETING_VERSION = 1.0.0;
				PRODUCT_BUNDLE_IDENTIFIER = com.novachens.RapidAntigenTestMap.RapidAntigenTestMapWidget;
				PRODUCT_NAME = "$(TARGET_NAME)";
				SKIP_INSTALL = YES;
				SWIFT_EMIT_LOC_STRINGS = YES;
				SWIFT_VERSION = 5.0;
				TARGETED_DEVICE_FAMILY = "1,2";
			};
			name = Release;
		};
/* End XCBuildConfiguration section */

/* Begin XCConfigurationList section */
		FD30CEF3283D14810025EE66 /* Build configuration list for PBXProject "RapidAntigenTestMap" */ = {
			isa = XCConfigurationList;
			buildConfigurations = (
				FD30CF1A283D14830025EE66 /* Debug */,
				FD30CF1B283D14830025EE66 /* Release */,
			);
			defaultConfigurationIsVisible = 0;
			defaultConfigurationName = Release;
		};
		FD30CF1C283D14830025EE66 /* Build configuration list for PBXNativeTarget "RapidAntigenTestMap" */ = {
			isa = XCConfigurationList;
			buildConfigurations = (
				FD30CF1D283D14830025EE66 /* Debug */,
				FD30CF1E283D14830025EE66 /* Release */,
			);
			defaultConfigurationIsVisible = 0;
			defaultConfigurationName = Release;
		};
		FD30CF1F283D14830025EE66 /* Build configuration list for PBXNativeTarget "RapidAntigenTestMapTests" */ = {
			isa = XCConfigurationList;
			buildConfigurations = (
				FD30CF20283D14830025EE66 /* Debug */,
				FD30CF21283D14830025EE66 /* Release */,
			);
			defaultConfigurationIsVisible = 0;
			defaultConfigurationName = Release;
		};
		FD30CF22283D14830025EE66 /* Build configuration list for PBXNativeTarget "RapidAntigenTestMapUITests" */ = {
			isa = XCConfigurationList;
			buildConfigurations = (
				FD30CF23283D14830025EE66 /* Debug */,
				FD30CF24283D14830025EE66 /* Release */,
			);
			defaultConfigurationIsVisible = 0;
			defaultConfigurationName = Release;
		};
		FD3CD93828C73988001656CD /* Build configuration list for PBXNativeTarget "RapidAntigenTestMapWidgetExtension" */ = {
			isa = XCConfigurationList;
			buildConfigurations = (
				FD3CD93628C73988001656CD /* Debug */,
				FD3CD93728C73988001656CD /* Release */,
			);
			defaultConfigurationIsVisible = 0;
			defaultConfigurationName = Release;
		};
/* End XCConfigurationList section */

/* Begin XCRemoteSwiftPackageReference section */
		FD6B3D5C28BF47B500949C52 /* XCRemoteSwiftPackageReference "firebase-ios-sdk" */ = {
			isa = XCRemoteSwiftPackageReference;
			repositoryURL = "https://github.com/firebase/firebase-ios-sdk";
			requirement = {
				kind = upToNextMajorVersion;
				minimumVersion = 9.0.0;
			};
		};
		FDB4E1BC2940D2FF0054C5D5 /* XCRemoteSwiftPackageReference "swift-package-manager-google-mobile-ads" */ = {
			isa = XCRemoteSwiftPackageReference;
			repositoryURL = "https://github.com/googleads/swift-package-manager-google-mobile-ads.git";
			requirement = {
				kind = upToNextMajorVersion;
				minimumVersion = 9.0.0;
			};
		};
/* End XCRemoteSwiftPackageReference section */

/* Begin XCSwiftPackageProductDependency section */
		FD6B3D5D28BF47B500949C52 /* FirebaseAnalytics */ = {
			isa = XCSwiftPackageProductDependency;
			package = FD6B3D5C28BF47B500949C52 /* XCRemoteSwiftPackageReference "firebase-ios-sdk" */;
			productName = FirebaseAnalytics;
		};
		FD6B3D5F28BF47B500949C52 /* FirebaseAnalyticsSwift */ = {
			isa = XCSwiftPackageProductDependency;
			package = FD6B3D5C28BF47B500949C52 /* XCRemoteSwiftPackageReference "firebase-ios-sdk" */;
			productName = FirebaseAnalyticsSwift;
		};
		FD6B3D6128BF47B500949C52 /* FirebaseCrashlytics */ = {
			isa = XCSwiftPackageProductDependency;
			package = FD6B3D5C28BF47B500949C52 /* XCRemoteSwiftPackageReference "firebase-ios-sdk" */;
			productName = FirebaseCrashlytics;
		};
		FD6B3D6328BF47B500949C52 /* FirebasePerformance */ = {
			isa = XCSwiftPackageProductDependency;
			package = FD6B3D5C28BF47B500949C52 /* XCRemoteSwiftPackageReference "firebase-ios-sdk" */;
			productName = FirebasePerformance;
		};
		FDB4E1BD2940D2FF0054C5D5 /* GoogleMobileAds */ = {
			isa = XCSwiftPackageProductDependency;
			package = FDB4E1BC2940D2FF0054C5D5 /* XCRemoteSwiftPackageReference "swift-package-manager-google-mobile-ads" */;
			productName = GoogleMobileAds;
		};
/* End XCSwiftPackageProductDependency section */
	};
	rootObject = FD30CEF0283D14810025EE66 /* Project object */;
}
